{
  "name": "conceptual-nlg",
  "version": "1.1.15",
  "lockfileVersion": 1,
  "requires": true,
  "dependencies": {
    "@types/node": {
      "version": "11.13.2",
      "resolved": "https://registry.npmjs.org/@types/node/-/node-11.13.2.tgz",
      "integrity": "sha512-HOtU5KqROKT7qX/itKHuTtt5fV0iXbheQvrgbLNXFJQBY/eh+VS5vmmTAVlo3qIGMsypm0G4N1t2AXjy1ZicaQ==",
      "dev": true
    },
    "random-seed-weighted-chooser": {
      "version": "1.0.8",
      "resolved": "https://registry.npmjs.org/random-seed-weighted-chooser/-/random-seed-weighted-chooser-1.0.8.tgz",
      "integrity": "sha512-jJ3O5aj6A5LTl4tGMQKDsKdsPlzTMDSYqaPTlH4T1w5FRt5erbwrVEYmB2lqb/ur+TqnmUXrkrAc5ZwoKQ9Afg==",
      "requires": {
        "seedrandom": "3.0.1"
      }
    },
    "seedrandom": {
      "version": "3.0.1",
      "resolved": "https://registry.npmjs.org/seedrandom/-/seedrandom-3.0.1.tgz",
      "integrity": "sha512-1/02Y/rUeU1CJBAGLebiC5Lbo5FnB22gQbIFFYTLkwvp1xdABZJH1sn4ZT1MzXmPpzv+Rf/Lu2NcsLJiK4rcDg=="
    },
    "typescript": {
      "version": "3.4.2",
      "resolved": "https://registry.npmjs.org/typescript/-/typescript-3.4.2.tgz",
      "integrity": "sha512-Og2Vn6Mk7JAuWA1hQdDQN/Ekm/SchX80VzLhjKN9ETYrIepBFAd8PkOdOTK2nKt0FCkmMZKBJvQ1dV1gIxPu/A==",
      "dev": true
    }
  }
}
